
Microsoft Visual Studio Solution File, Format Version 12.00
# Visual Studio Version 17
VisualStudioVersion = 17.7.34202.233
MinimumVisualStudioVersion = 10.0.40219.1
Project("{FAE04EC0-301F-11D3-BF4B-00C04F79EFBC}") = "medical_supplies", "medical_supplies\medical_supplies.csproj", "{F8A14362-F86C-4E8F-AD2B-498F4E6180B6}"
EndProject
Global
	GlobalSection(SolutionConfigurationPlatforms) = preSolution
		Debug|Any CPU = Debug|Any CPU
		Release|Any CPU = Release|Any CPU
	EndGlobalSection
	GlobalSection(ProjectConfigurationPlatforms) = postSolution
		{F8A14362-F86C-4E8F-AD2B-498F4E6180B6}.Debug|Any CPU.ActiveCfg = Debug|Any CPU
		{F8A14362-F86C-4E8F-AD2B-498F4E6180B6}.Debug|Any CPU.Build.0 = Debug|Any CPU
		{F8A14362-F86C-4E8F-AD2B-498F4E6180B6}.Release|Any CPU.ActiveCfg = Release|Any CPU
		{F8A14362-F86C-4E8F-AD2B-498F4E6180B6}.Release|Any CPU.Build.0 = Release|Any CPU
	EndGlobalSection
	GlobalSection(SolutionProperties) = preSolution
		HideSolutionNode = FALSE
	EndGlobalSection
	GlobalSection(ExtensibilityGlobals) = postSolution
		SolutionGuid = {B6A97D85-5A4F-4294-A3C1-C51B56882CC2}
	EndGlobalSection
EndGlobal
